
Microsoft Visual Studio Solution File, Format Version 12.00
# Visual Studio Version 16
VisualStudioVersion = 16.0.30907.101
MinimumVisualStudioVersion = 10.0.40219.1
Project("{9A19103F-16F7-4668-BE54-9A1E7A4F7556}") = "Console1", "Console1\Console1.csproj", "{2F1044AB-AA70-4786-A8A4-F64E650778FC}"
EndProject
Project("{9A19103F-16F7-4668-BE54-9A1E7A4F7556}") = "Lib1", "Lib1\Lib1.csproj", "{1F1323B3-255E-4E70-8CCF-85721330C379}"
EndProject
Project("{9A19103F-16F7-4668-BE54-9A1E7A4F7556}") = "Lib2", "Lib2\Lib2.csproj", "{4F9DB3F8-BDB1-4D21-BC4A-FA66D868F1D5}"
EndProject
Global
	GlobalSection(SolutionConfigurationPlatforms) = preSolution
		Debug|Any CPU = Debug|Any CPU
		Release|Any CPU = Release|Any CPU
	EndGlobalSection
	GlobalSection(ProjectConfigurationPlatforms) = postSolution
		{2F1044AB-AA70-4786-A8A4-F64E650778FC}.Debug|Any CPU.ActiveCfg = Debug|Any CPU
		{2F1044AB-AA70-4786-A8A4-F64E650778FC}.Debug|Any CPU.Build.0 = Debug|Any CPU
		{2F1044AB-AA70-4786-A8A4-F64E650778FC}.Release|Any CPU.ActiveCfg = Release|Any CPU
		{2F1044AB-AA70-4786-A8A4-F64E650778FC}.Release|Any CPU.Build.0 = Release|Any CPU
		{1F1323B3-255E-4E70-8CCF-85721330C379}.Debug|Any CPU.ActiveCfg = Debug|Any CPU
		{1F1323B3-255E-4E70-8CCF-85721330C379}.Debug|Any CPU.Build.0 = Debug|Any CPU
		{1F1323B3-255E-4E70-8CCF-85721330C379}.Release|Any CPU.ActiveCfg = Release|Any CPU
		{1F1323B3-255E-4E70-8CCF-85721330C379}.Release|Any CPU.Build.0 = Release|Any CPU
		{4F9DB3F8-BDB1-4D21-BC4A-FA66D868F1D5}.Debug|Any CPU.ActiveCfg = Debug|Any CPU
		{4F9DB3F8-BDB1-4D21-BC4A-FA66D868F1D5}.Debug|Any CPU.Build.0 = Debug|Any CPU
		{4F9DB3F8-BDB1-4D21-BC4A-FA66D868F1D5}.Release|Any CPU.ActiveCfg = Release|Any CPU
		{4F9DB3F8-BDB1-4D21-BC4A-FA66D868F1D5}.Release|Any CPU.Build.0 = Release|Any CPU
	EndGlobalSection
	GlobalSection(SolutionProperties) = preSolution
		HideSolutionNode = FALSE
	EndGlobalSection
	GlobalSection(ExtensibilityGlobals) = postSolution
		SolutionGuid = {9587B752-2090-4904-B092-821916285812}
	EndGlobalSection
EndGlobal
